
Microsoft Visual Studio Solution File, Format Version 11.00
# Visual C# Express 2010
Project("{FAE04EC0-301F-11D3-BF4B-00C04F79EFBC}") = "Shiro", "Interpreter\Shiro.csproj", "{8EAC9C71-2BE6-47E9-B8CD-C20512BD7CA9}"
EndProject
Project("{FAE04EC0-301F-11D3-BF4B-00C04F79EFBC}") = "shcl", "shcl\shcl.csproj", "{EAD3172B-3A56-4B02-8150-7C2904BEE28F}"
EndProject
Project("{FAE04EC0-301F-11D3-BF4B-00C04F79EFBC}") = "ShiroChan", "ShiroChan\ShiroChan.csproj", "{FB26B808-354F-43D9-8344-0040691B5F26}"
EndProject
Project("{FAE04EC0-301F-11D3-BF4B-00C04F79EFBC}") = "Kayak", "Kayak\Kayak.csproj", "{79DDD0CE-6F79-4212-A972-8618AD6E405F}"
EndProject
Global
	GlobalSection(SolutionConfigurationPlatforms) = preSolution
		Debug|Any CPU = Debug|Any CPU
		Debug|Mixed Platforms = Debug|Mixed Platforms
		Debug|x86 = Debug|x86
		Release|Any CPU = Release|Any CPU
		Release|Mixed Platforms = Release|Mixed Platforms
		Release|x86 = Release|x86
	EndGlobalSection
	GlobalSection(ProjectConfigurationPlatforms) = postSolution
		{8EAC9C71-2BE6-47E9-B8CD-C20512BD7CA9}.Debug|Any CPU.ActiveCfg = Debug|Any CPU
		{8EAC9C71-2BE6-47E9-B8CD-C20512BD7CA9}.Debug|Any CPU.Build.0 = Debug|Any CPU
		{8EAC9C71-2BE6-47E9-B8CD-C20512BD7CA9}.Debug|Mixed Platforms.ActiveCfg = Debug|Any CPU
		{8EAC9C71-2BE6-47E9-B8CD-C20512BD7CA9}.Debug|Mixed Platforms.Build.0 = Debug|Any CPU
		{8EAC9C71-2BE6-47E9-B8CD-C20512BD7CA9}.Debug|x86.ActiveCfg = Debug|Any CPU
		{8EAC9C71-2BE6-47E9-B8CD-C20512BD7CA9}.Release|Any CPU.ActiveCfg = Release|Any CPU
		{8EAC9C71-2BE6-47E9-B8CD-C20512BD7CA9}.Release|Any CPU.Build.0 = Release|Any CPU
		{8EAC9C71-2BE6-47E9-B8CD-C20512BD7CA9}.Release|Mixed Platforms.ActiveCfg = Release|Any CPU
		{8EAC9C71-2BE6-47E9-B8CD-C20512BD7CA9}.Release|Mixed Platforms.Build.0 = Release|Any CPU
		{8EAC9C71-2BE6-47E9-B8CD-C20512BD7CA9}.Release|x86.ActiveCfg = Release|Any CPU
		{EAD3172B-3A56-4B02-8150-7C2904BEE28F}.Debug|Any CPU.ActiveCfg = Debug|x86
		{EAD3172B-3A56-4B02-8150-7C2904BEE28F}.Debug|Mixed Platforms.ActiveCfg = Debug|x86
		{EAD3172B-3A56-4B02-8150-7C2904BEE28F}.Debug|Mixed Platforms.Build.0 = Debug|x86
		{EAD3172B-3A56-4B02-8150-7C2904BEE28F}.Debug|x86.ActiveCfg = Debug|x86
		{EAD3172B-3A56-4B02-8150-7C2904BEE28F}.Debug|x86.Build.0 = Debug|x86
		{EAD3172B-3A56-4B02-8150-7C2904BEE28F}.Release|Any CPU.ActiveCfg = Release|x86
		{EAD3172B-3A56-4B02-8150-7C2904BEE28F}.Release|Mixed Platforms.ActiveCfg = Release|x86
		{EAD3172B-3A56-4B02-8150-7C2904BEE28F}.Release|Mixed Platforms.Build.0 = Release|x86
		{EAD3172B-3A56-4B02-8150-7C2904BEE28F}.Release|x86.ActiveCfg = Release|x86
		{EAD3172B-3A56-4B02-8150-7C2904BEE28F}.Release|x86.Build.0 = Release|x86
		{FB26B808-354F-43D9-8344-0040691B5F26}.Debug|Any CPU.ActiveCfg = Debug|Any CPU
		{FB26B808-354F-43D9-8344-0040691B5F26}.Debug|Any CPU.Build.0 = Debug|Any CPU
		{FB26B808-354F-43D9-8344-0040691B5F26}.Debug|Mixed Platforms.ActiveCfg = Debug|Any CPU
		{FB26B808-354F-43D9-8344-0040691B5F26}.Debug|Mixed Platforms.Build.0 = Debug|Any CPU
		{FB26B808-354F-43D9-8344-0040691B5F26}.Debug|x86.ActiveCfg = Debug|Any CPU
		{FB26B808-354F-43D9-8344-0040691B5F26}.Release|Any CPU.ActiveCfg = Release|Any CPU
		{FB26B808-354F-43D9-8344-0040691B5F26}.Release|Any CPU.Build.0 = Release|Any CPU
		{FB26B808-354F-43D9-8344-0040691B5F26}.Release|Mixed Platforms.ActiveCfg = Release|Any CPU
		{FB26B808-354F-43D9-8344-0040691B5F26}.Release|Mixed Platforms.Build.0 = Release|Any CPU
		{FB26B808-354F-43D9-8344-0040691B5F26}.Release|x86.ActiveCfg = Release|Any CPU
		{79DDD0CE-6F79-4212-A972-8618AD6E405F}.Debug|Any CPU.ActiveCfg = Debug|Any CPU
		{79DDD0CE-6F79-4212-A972-8618AD6E405F}.Debug|Any CPU.Build.0 = Debug|Any CPU
		{79DDD0CE-6F79-4212-A972-8618AD6E405F}.Debug|Mixed Platforms.ActiveCfg = Debug|Any CPU
		{79DDD0CE-6F79-4212-A972-8618AD6E405F}.Debug|Mixed Platforms.Build.0 = Debug|Any CPU
		{79DDD0CE-6F79-4212-A972-8618AD6E405F}.Debug|x86.ActiveCfg = Debug|Any CPU
		{79DDD0CE-6F79-4212-A972-8618AD6E405F}.Release|Any CPU.ActiveCfg = Release|Any CPU
		{79DDD0CE-6F79-4212-A972-8618AD6E405F}.Release|Any CPU.Build.0 = Release|Any CPU
		{79DDD0CE-6F79-4212-A972-8618AD6E405F}.Release|Mixed Platforms.ActiveCfg = Release|Any CPU
		{79DDD0CE-6F79-4212-A972-8618AD6E405F}.Release|Mixed Platforms.Build.0 = Release|Any CPU
		{79DDD0CE-6F79-4212-A972-8618AD6E405F}.Release|x86.ActiveCfg = Release|Any CPU
	EndGlobalSection
	GlobalSection(SolutionProperties) = preSolution
		HideSolutionNode = FALSE
	EndGlobalSection
EndGlobal
